
Microsoft Visual Studio Solution File, Format Version 12.00
# Visual Studio 15
VisualStudioVersion = 15.0.26228.9
MinimumVisualStudioVersion = 10.0.40219.1
Project("{FAE04EC0-301F-11D3-BF4B-00C04F79EFBC}") = "LtestBank", "LtestBank\LtestBank.csproj", "{18818677-B9F3-406D-B6AE-38A60ACBE6B9}"
EndProject
Project("{FAE04EC0-301F-11D3-BF4B-00C04F79EFBC}") = "CustomerApi", "CustomerApi\CustomerApi.csproj", "{3E6F07A5-00ED-4ABB-8908-5573D31F683B}"
EndProject
Global
	GlobalSection(SolutionConfigurationPlatforms) = preSolution
		Debug|Any CPU = Debug|Any CPU
		Release|Any CPU = Release|Any CPU
	EndGlobalSection
	GlobalSection(ProjectConfigurationPlatforms) = postSolution
		{18818677-B9F3-406D-B6AE-38A60ACBE6B9}.Debug|Any CPU.ActiveCfg = Debug|Any CPU
		{18818677-B9F3-406D-B6AE-38A60ACBE6B9}.Debug|Any CPU.Build.0 = Debug|Any CPU
		{18818677-B9F3-406D-B6AE-38A60ACBE6B9}.Release|Any CPU.ActiveCfg = Release|Any CPU
		{18818677-B9F3-406D-B6AE-38A60ACBE6B9}.Release|Any CPU.Build.0 = Release|Any CPU
		{3E6F07A5-00ED-4ABB-8908-5573D31F683B}.Debug|Any CPU.ActiveCfg = Debug|Any CPU
		{3E6F07A5-00ED-4ABB-8908-5573D31F683B}.Debug|Any CPU.Build.0 = Debug|Any CPU
		{3E6F07A5-00ED-4ABB-8908-5573D31F683B}.Release|Any CPU.ActiveCfg = Release|Any CPU
		{3E6F07A5-00ED-4ABB-8908-5573D31F683B}.Release|Any CPU.Build.0 = Release|Any CPU
	EndGlobalSection
	GlobalSection(SolutionProperties) = preSolution
		HideSolutionNode = FALSE
	EndGlobalSection
EndGlobal
